
Microsoft Visual Studio Solution File, Format Version 12.00
# Visual Studio Version 16
VisualStudioVersion = 16.0.30611.23
MinimumVisualStudioVersion = 15.0.26124.0
Project("{FAE04EC0-301F-11D3-BF4B-00C04F79EFBC}") = "Kursovaya.Objects", "Objects/Kursovaya.Objects.csproj", "a0cd33e5-07bb-447f-8779-967bd67e4c7e"
EndProject
Project("{FAE04EC0-301F-11D3-BF4B-00C04F79EFBC}") = "Kursovaya.Tests", "Tests/Kursovaya.Tests.csproj", "227e49aa-17e4-47fb-a743-f02d30e7dc25"
EndProject
Project("{FAE04EC0-301F-11D3-BF4B-00C04F79EFBC}") = "Kursovaya.ODataBackend", "ODataBackend/Kursovaya.ODataBackend.csproj", "1286e797-6ff0-4289-a4fa-eea1f6041aa3"
EndProject
Project("{FAE04EC0-301F-11D3-BF4B-00C04F79EFBC}") = "Kursovaya.IntegrationTests", "IntegrationTests/Kursovaya.IntegrationTests.csproj", "312cec80-e8d2-42cd-82bd-ddbe729b4a2e"
EndProject
Global
	GlobalSection(SolutionConfigurationPlatforms) = preSolution
Debug|Any CPU = Debug|Any CPU
Release|Any CPU = Release|Any CPU
	EndGlobalSection
	GlobalSection(ProjectConfigurationPlatforms) = postSolution
		a0cd33e5-07bb-447f-8779-967bd67e4c7e.Debug|Any CPU.ActiveCfg = Debug|Any CPU
		a0cd33e5-07bb-447f-8779-967bd67e4c7e.Debug|Any CPU.Build.0 = Debug|Any CPU
		a0cd33e5-07bb-447f-8779-967bd67e4c7e.Release|Any CPU.ActiveCfg = Release|Any CPU
		a0cd33e5-07bb-447f-8779-967bd67e4c7e.Release|Any CPU.Build.0 = Release|Any CPU
		227e49aa-17e4-47fb-a743-f02d30e7dc25.Debug|Any CPU.ActiveCfg = Debug|Any CPU
		227e49aa-17e4-47fb-a743-f02d30e7dc25.Debug|Any CPU.Build.0 = Debug|Any CPU
		227e49aa-17e4-47fb-a743-f02d30e7dc25.Release|Any CPU.ActiveCfg = Release|Any CPU
		227e49aa-17e4-47fb-a743-f02d30e7dc25.Release|Any CPU.Build.0 = Release|Any CPU
		1286e797-6ff0-4289-a4fa-eea1f6041aa3.Debug|Any CPU.ActiveCfg = Debug|Any CPU
		1286e797-6ff0-4289-a4fa-eea1f6041aa3.Debug|Any CPU.Build.0 = Debug|Any CPU
		1286e797-6ff0-4289-a4fa-eea1f6041aa3.Release|Any CPU.ActiveCfg = Release|Any CPU
		1286e797-6ff0-4289-a4fa-eea1f6041aa3.Release|Any CPU.Build.0 = Release|Any CPU
		312cec80-e8d2-42cd-82bd-ddbe729b4a2e.Debug|Any CPU.ActiveCfg = Debug|Any CPU
		312cec80-e8d2-42cd-82bd-ddbe729b4a2e.Debug|Any CPU.Build.0 = Debug|Any CPU
		312cec80-e8d2-42cd-82bd-ddbe729b4a2e.Release|Any CPU.ActiveCfg = Release|Any CPU
		312cec80-e8d2-42cd-82bd-ddbe729b4a2e.Release|Any CPU.Build.0 = Release|Any CPU
	EndGlobalSection
	GlobalSection(SolutionProperties) = preSolution
		HideSolutionNode = FALSE
	EndGlobalSection
EndGlobal
